
Microsoft Visual Studio Solution File, Format Version 12.00
# Visual Studio 15
VisualStudioVersion = 15.0.28010.2026
MinimumVisualStudioVersion = 10.0.40219.1
Project("{8BC9CEB8-8B4A-11D0-8D11-00A0C91BC942}") = "AlgoVis", "AlgoVis\AlgoVis.vcxproj", "{BF544A1D-12F7-4BF3-ADAF-871E810720C2}"
EndProject
Global
	GlobalSection(SolutionConfigurationPlatforms) = preSolution
		Debug|x64 = Debug|x64
		Debug|x86 = Debug|x86
		Release|x64 = Release|x64
		Release|x86 = Release|x86
	EndGlobalSection
	GlobalSection(ProjectConfigurationPlatforms) = postSolution
		{BF544A1D-12F7-4BF3-ADAF-871E810720C2}.Debug|x64.ActiveCfg = Debug|x64
		{BF544A1D-12F7-4BF3-ADAF-871E810720C2}.Debug|x64.Build.0 = Debug|x64
		{BF544A1D-12F7-4BF3-ADAF-871E810720C2}.Debug|x86.ActiveCfg = Debug|Win32
		{BF544A1D-12F7-4BF3-ADAF-871E810720C2}.Debug|x86.Build.0 = Debug|Win32
		{BF544A1D-12F7-4BF3-ADAF-871E810720C2}.Release|x64.ActiveCfg = Release|x64
		{BF544A1D-12F7-4BF3-ADAF-871E810720C2}.Release|x64.Build.0 = Release|x64
		{BF544A1D-12F7-4BF3-ADAF-871E810720C2}.Release|x86.ActiveCfg = Release|Win32
		{BF544A1D-12F7-4BF3-ADAF-871E810720C2}.Release|x86.Build.0 = Release|Win32
	EndGlobalSection
	GlobalSection(SolutionProperties) = preSolution
		HideSolutionNode = FALSE
	EndGlobalSection
	GlobalSection(ExtensibilityGlobals) = postSolution
		SolutionGuid = {5974E1D0-C915-450F-8B12-8BDEE063FE11}
	EndGlobalSection
EndGlobal
